<?xml version="1.0" encoding="UTF-8"?>
<!DOCTYPE plist PUBLIC "-//Apple//DTD PLIST 1.0//EN" "http://www.apple.com/DTDs/PropertyList-1.0.dtd">
<plist version="1.0">
<dict>
	<key>archiveVersion</key>
	<string>1</string>
	<key>classes</key>
	<dict/>
	<key>objectVersion</key>
	<string>46</string>
	<key>objects</key>
	<dict>
		<key>13BFD87A1F244F279832D73D</key>
		<dict>
			<key>fileRef</key>
			<string>8E4B15FD8A314B83A02A0951</string>
			<key>isa</key>
			<string>PBXBuildFile</string>
		</dict>
		<key>1643D3BC1614410F0005E719</key>
		<dict>
			<key>fileEncoding</key>
			<string>4</string>
			<key>isa</key>
			<string>PBXFileReference</string>
			<key>lastKnownFileType</key>
			<string>sourcecode.c.h</string>
			<key>path</key>
			<string>AccountOCTestCase.h</string>
			<key>sourceTree</key>
			<string>&lt;group&gt;</string>
		</dict>
		<key>1643D3BD1614410F0005E719</key>
		<dict>
			<key>fileEncoding</key>
			<string>4</string>
			<key>isa</key>
			<string>PBXFileReference</string>
			<key>lastKnownFileType</key>
			<string>sourcecode.c.objc</string>
			<key>path</key>
			<string>AccountOCTestCase.m</string>
			<key>sourceTree</key>
			<string>&lt;group&gt;</string>
		</dict>
		<key>1643D3BE1614410F0005E719</key>
		<dict>
			<key>fileRef</key>
			<string>1643D3BD1614410F0005E719</string>
			<key>isa</key>
			<string>PBXBuildFile</string>
		</dict>
		<key>1643D3BF161441970005E719</key>
		<dict>
			<key>buildActionMask</key>
			<string>2147483647</string>
			<key>files</key>
			<array>
				<string>1643D3D1161441970005E719</string>
			</array>
			<key>isa</key>
			<string>PBXSourcesBuildPhase</string>
			<key>runOnlyForDeploymentPostprocessing</key>
			<string>0</string>
		</dict>
		<key>1643D3C0161441970005E719</key>
		<dict>
			<key>buildActionMask</key>
			<string>2147483647</string>
			<key>files</key>
			<array>
				<string>1643D3C6161441970005E719</string>
				<string>1643D3C7161441970005E719</string>
				<string>1643D3C8161441970005E719</string>
				<string>FC23EE2A8F834BD781ACFDBC</string>
			</array>
			<key>isa</key>
			<string>PBXFrameworksBuildPhase</string>
			<key>runOnlyForDeploymentPostprocessing</key>
			<string>0</string>
		</dict>
		<key>1643D3C1161441970005E719</key>
		<dict>
			<key>buildActionMask</key>
			<string>2147483647</string>
			<key>files</key>
			<array>
				<string>1643D3CE161441970005E719</string>
			</array>
			<key>isa</key>
			<string>PBXResourcesBuildPhase</string>
			<key>runOnlyForDeploymentPostprocessing</key>
			<string>0</string>
		</dict>
		<key>1643D3C2161441970005E719</key>
		<dict>
			<key>buildActionMask</key>
			<string>2147483647</string>
			<key>files</key>
			<array/>
			<key>inputPaths</key>
			<array/>
			<key>isa</key>
			<string>PBXShellScriptBuildPhase</string>
			<key>outputPaths</key>
			<array/>
			<key>runOnlyForDeploymentPostprocessing</key>
			<string>0</string>
			<key>shellPath</key>
			<string>/bin/sh</string>
			<key>shellScript</key>
			<string># Run the unit tests in this test bundle.
"${SYSTEM_DEVELOPER_DIR}/Tools/RunUnitTests"
</string>
		</dict>
		<key>1643D3C3161441970005E719</key>
		<dict>
			<key>buildConfigurationList</key>
			<string>1643D3D3161441970005E719</string>
			<key>buildPhases</key>
			<array>
				<string>1643D3BF161441970005E719</string>
				<string>1643D3C0161441970005E719</string>
				<string>1643D3C1161441970005E719</string>
				<string>1643D3C2161441970005E719</string>
				<string>F135EB5E9747492C9C8EE3C9</string>
			</array>
			<key>buildRules</key>
			<array/>
			<key>dependencies</key>
			<array/>
			<key>isa</key>
			<string>PBXNativeTarget</string>
			<key>name</key>
			<string>OCTests</string>
			<key>productName</key>
			<string>OCTests</string>
			<key>productReference</key>
			<string>1643D3C4161441970005E719</string>
			<key>productType</key>
			<string>com.apple.product-type.bundle</string>
		</dict>
		<key>1643D3C4161441970005E719</key>
		<dict>
			<key>explicitFileType</key>
			<string>wrapper.cfbundle</string>
			<key>includeInIndex</key>
			<string>0</string>
			<key>isa</key>
			<string>PBXFileReference</string>
			<key>name</key>
			<string>OCTests.octest</string>
			<key>path</key>
			<string>OCTests.octest</string>
			<key>sourceTree</key>
			<string>BUILT_PRODUCTS_DIR</string>
		</dict>
		<key>1643D3C5161441970005E719</key>
		<dict>
			<key>includeInIndex</key>
			<string>1</string>
			<key>isa</key>
			<string>PBXFileReference</string>
			<key>lastKnownFileType</key>
			<string>wrapper.framework</string>
			<key>name</key>
			<string>SenTestingKit.framework</string>
			<key>path</key>
			<string>Library/Frameworks/SenTestingKit.framework</string>
			<key>sourceTree</key>
			<string>DEVELOPER_DIR</string>
		</dict>
		<key>1643D3C6161441970005E719</key>
		<dict>
			<key>fileRef</key>
			<string>1643D3C5161441970005E719</string>
			<key>isa</key>
			<string>PBXBuildFile</string>
		</dict>
		<key>1643D3C7161441970005E719</key>
		<dict>
			<key>fileRef</key>
			<string>16FB8CEC1613413800771767</string>
			<key>isa</key>
			<string>PBXBuildFile</string>
		</dict>
		<key>1643D3C8161441970005E719</key>
		<dict>
			<key>fileRef</key>
			<string>16FB8CEE1613413800771767</string>
			<key>isa</key>
			<string>PBXBuildFile</string>
		</dict>
		<key>1643D3C9161441970005E719</key>
		<dict>
			<key>children</key>
			<array>
				<string>1643D3CF161441970005E719</string>
				<string>1643D3D0161441970005E719</string>
				<string>1643D3CA161441970005E719</string>
			</array>
			<key>isa</key>
			<string>PBXGroup</string>
			<key>path</key>
			<string>OCTests</string>
			<key>sourceTree</key>
			<string>&lt;group&gt;</string>
		</dict>
		<key>1643D3CA161441970005E719</key>
		<dict>
			<key>children</key>
			<array>
				<string>1643D3CB161441970005E719</string>
				<string>1643D3CC161441970005E719</string>
				<string>1643D3D2161441970005E719</string>
			</array>
			<key>isa</key>
			<string>PBXGroup</string>
			<key>name</key>
			<string>Supporting Files</string>
			<key>sourceTree</key>
			<string>&lt;group&gt;</string>
		</dict>
		<key>1643D3CB161441970005E719</key>
		<dict>
			<key>isa</key>
			<string>PBXFileReference</string>
			<key>lastKnownFileType</key>
			<string>text.plist.xml</string>
			<key>path</key>
			<string>OCTests-Info.plist</string>
			<key>sourceTree</key>
			<string>&lt;group&gt;</string>
		</dict>
		<key>1643D3CC161441970005E719</key>
		<dict>
			<key>children</key>
			<array>
				<string>1643D3CD161441970005E719</string>
			</array>
			<key>isa</key>
			<string>PBXVariantGroup</string>
			<key>name</key>
			<string>InfoPlist.strings</string>
			<key>sourceTree</key>
			<string>&lt;group&gt;</string>
		</dict>
		<key>1643D3CD161441970005E719</key>
		<dict>
			<key>isa</key>
			<string>PBXFileReference</string>
			<key>lastKnownFileType</key>
			<string>text.plist.strings</string>
			<key>name</key>
			<string>en</string>
			<key>path</key>
			<string>en.lproj/InfoPlist.strings</string>
			<key>sourceTree</key>
			<string>&lt;group&gt;</string>
		</dict>
		<key>1643D3CE161441970005E719</key>
		<dict>
			<key>fileRef</key>
			<string>1643D3CC161441970005E719</string>
			<key>isa</key>
			<string>PBXBuildFile</string>
		</dict>
		<key>1643D3CF161441970005E719</key>
		<dict>
			<key>isa</key>
			<string>PBXFileReference</string>
			<key>lastKnownFileType</key>
			<string>sourcecode.c.h</string>
			<key>path</key>
			<string>OCTests.h</string>
			<key>sourceTree</key>
			<string>&lt;group&gt;</string>
		</dict>
		<key>1643D3D0161441970005E719</key>
		<dict>
			<key>isa</key>
			<string>PBXFileReference</string>
			<key>lastKnownFileType</key>
			<string>sourcecode.c.objc</string>
			<key>path</key>
			<string>OCTests.m</string>
			<key>sourceTree</key>
			<string>&lt;group&gt;</string>
		</dict>
		<key>1643D3D1161441970005E719</key>
		<dict>
			<key>fileRef</key>
			<string>1643D3D0161441970005E719</string>
			<key>isa</key>
			<string>PBXBuildFile</string>
		</dict>
		<key>1643D3D2161441970005E719</key>
		<dict>
			<key>isa</key>
			<string>PBXFileReference</string>
			<key>lastKnownFileType</key>
			<string>sourcecode.c.h</string>
			<key>path</key>
			<string>OCTests-Prefix.pch</string>
			<key>sourceTree</key>
			<string>&lt;group&gt;</string>
		</dict>
		<key>1643D3D3161441970005E719</key>
		<dict>
			<key>buildConfigurations</key>
			<array>
				<string>1643D3D4161441970005E719</string>
				<string>1643D3D5161441970005E719</string>
			</array>
			<key>defaultConfigurationIsVisible</key>
			<string>0</string>
			<key>isa</key>
			<string>XCConfigurationList</string>
		</dict>
		<key>1643D3D4161441970005E719</key>
		<dict>
			<key>baseConfigurationReference</key>
			<string>91574D55D0824AACADB30B26</string>
			<key>buildSettings</key>
			<dict>
				<key>CLANG_ENABLE_OBJC_ARC</key>
				<string>YES</string>
				<key>FRAMEWORK_SEARCH_PATHS</key>
				<array>
					<string>"$(SDKROOT)/Developer/Library/Frameworks"</string>
					<string>"$(DEVELOPER_LIBRARY_DIR)/Frameworks"</string>
				</array>
				<key>GCC_PRECOMPILE_PREFIX_HEADER</key>
				<string>YES</string>
				<key>GCC_PREFIX_HEADER</key>
				<string>OCTests/OCTests-Prefix.pch</string>
				<key>INFOPLIST_FILE</key>
				<string>OCTests/OCTests-Info.plist</string>
				<key>PRODUCT_NAME</key>
				<string>$(TARGET_NAME)</string>
				<key>WRAPPER_EXTENSION</key>
				<string>octest</string>
			</dict>
			<key>isa</key>
			<string>XCBuildConfiguration</string>
			<key>name</key>
			<string>Debug</string>
		</dict>
		<key>1643D3D5161441970005E719</key>
		<dict>
			<key>baseConfigurationReference</key>
			<string>91574D55D0824AACADB30B26</string>
			<key>buildSettings</key>
			<dict>
				<key>CLANG_ENABLE_OBJC_ARC</key>
				<string>YES</string>
				<key>FRAMEWORK_SEARCH_PATHS</key>
				<array>
					<string>"$(SDKROOT)/Developer/Library/Frameworks"</string>
					<string>"$(DEVELOPER_LIBRARY_DIR)/Frameworks"</string>
				</array>
				<key>GCC_PRECOMPILE_PREFIX_HEADER</key>
				<string>YES</string>
				<key>GCC_PREFIX_HEADER</key>
				<string>OCTests/OCTests-Prefix.pch</string>
				<key>INFOPLIST_FILE</key>
				<string>OCTests/OCTests-Info.plist</string>
				<key>PRODUCT_NAME</key>
				<string>$(TARGET_NAME)</string>
				<key>WRAPPER_EXTENSION</key>
				<string>octest</string>
			</dict>
			<key>isa</key>
			<string>XCBuildConfiguration</string>
			<key>name</key>
			<string>Release</string>
		</dict>
		<key>16DFDCA316134641003F3112</key>
		<dict>
			<key>fileEncoding</key>
			<string>4</string>
			<key>isa</key>
			<string>PBXFileReference</string>
			<key>lastKnownFileType</key>
			<string>sourcecode.c.h</string>
			<key>path</key>
			<string>ServiceConstants.h</string>
			<key>sourceTree</key>
			<string>&lt;group&gt;</string>
		</dict>
		<key>16DFDCA416134641003F3112</key>
		<dict>
			<key>fileEncoding</key>
			<string>4</string>
			<key>isa</key>
			<string>PBXFileReference</string>
			<key>lastKnownFileType</key>
			<string>sourcecode.c.objc</string>
			<key>path</key>
			<string>ServiceConstants.m</string>
			<key>sourceTree</key>
			<string>&lt;group&gt;</string>
		</dict>
		<key>16DFDCA516134641003F3112</key>
		<dict>
			<key>fileEncoding</key>
			<string>4</string>
			<key>isa</key>
			<string>PBXFileReference</string>
			<key>lastKnownFileType</key>
			<string>sourcecode.c.h</string>
			<key>path</key>
			<string>AFHTTPRequestOperationLogger.h</string>
			<key>sourceTree</key>
			<string>&lt;group&gt;</string>
		</dict>
		<key>16DFDCA616134641003F3112</key>
		<dict>
			<key>fileEncoding</key>
			<string>4</string>
			<key>isa</key>
			<string>PBXFileReference</string>
			<key>lastKnownFileType</key>
			<string>sourcecode.c.objc</string>
			<key>path</key>
			<string>AFHTTPRequestOperationLogger.m</string>
			<key>sourceTree</key>
			<string>&lt;group&gt;</string>
		</dict>
		<key>16DFDCA716134641003F3112</key>
		<dict>
			<key>fileEncoding</key>
			<string>4</string>
			<key>isa</key>
			<string>PBXFileReference</string>
			<key>lastKnownFileType</key>
			<string>sourcecode.c.h</string>
			<key>path</key>
			<string>AFServiceAPIClient.h</string>
			<key>sourceTree</key>
			<string>&lt;group&gt;</string>
		</dict>
		<key>16DFDCA816134641003F3112</key>
		<dict>
			<key>fileEncoding</key>
			<string>4</string>
			<key>isa</key>
			<string>PBXFileReference</string>
			<key>lastKnownFileType</key>
			<string>sourcecode.c.objc</string>
			<key>path</key>
			<string>AFServiceAPIClient.m</string>
			<key>sourceTree</key>
			<string>&lt;group&gt;</string>
		</dict>
		<key>16DFDCA916134641003F3112</key>
		<dict>
			<key>fileRef</key>
			<string>16DFDCA416134641003F3112</string>
			<key>isa</key>
			<string>PBXBuildFile</string>
		</dict>
		<key>16DFDCAA16134641003F3112</key>
		<dict>
			<key>fileRef</key>
			<string>16DFDCA416134641003F3112</string>
			<key>isa</key>
			<string>PBXBuildFile</string>
		</dict>
		<key>16DFDCAB16134641003F3112</key>
		<dict>
			<key>fileRef</key>
			<string>16DFDCA616134641003F3112</string>
			<key>isa</key>
			<string>PBXBuildFile</string>
		</dict>
		<key>16DFDCAC16134641003F3112</key>
		<dict>
			<key>fileRef</key>
			<string>16DFDCA616134641003F3112</string>
			<key>isa</key>
			<string>PBXBuildFile</string>
		</dict>
		<key>16DFDCAD16134641003F3112</key>
		<dict>
			<key>fileRef</key>
			<string>16DFDCA816134641003F3112</string>
			<key>isa</key>
			<string>PBXBuildFile</string>
		</dict>
		<key>16DFDCAE16134641003F3112</key>
		<dict>
			<key>fileRef</key>
			<string>16DFDCA816134641003F3112</string>
			<key>isa</key>
			<string>PBXBuildFile</string>
		</dict>
		<key>16DFDCB816142585003F3112</key>
		<dict>
			<key>fileEncoding</key>
			<string>4</string>
			<key>isa</key>
			<string>PBXFileReference</string>
			<key>lastKnownFileType</key>
			<string>sourcecode.c.objc</string>
			<key>path</key>
			<string>AccountTestCase2.m</string>
			<key>sourceTree</key>
			<string>&lt;group&gt;</string>
		</dict>
		<key>16DFDCB916142585003F3112</key>
		<dict>
			<key>fileRef</key>
			<string>16DFDCB816142585003F3112</string>
			<key>isa</key>
			<string>PBXBuildFile</string>
		</dict>
		<key>16FB8CDD1613413800771767</key>
		<dict>
			<key>children</key>
			<array>
				<string>16FB8CF21613413800771767</string>
				<string>16FB8D13161342E000771767</string>
				<string>1643D3C9161441970005E719</string>
				<string>16FB8CEB1613413800771767</string>
				<string>16FB8CE91613413800771767</string>
				<string>796F59D1525048C687E84C68</string>
				<string>809B36EE80DE40578971F013</string>
				<string>91574D55D0824AACADB30B26</string>
			</array>
			<key>isa</key>
			<string>PBXGroup</string>
			<key>sourceTree</key>
			<string>&lt;group&gt;</string>
		</dict>
		<key>16FB8CDF1613413800771767</key>
		<dict>
			<key>attributes</key>
			<dict>
				<key>LastUpgradeCheck</key>
				<string>0440</string>
				<key>ORGANIZATIONNAME</key>
				<string>scottliyq</string>
			</dict>
			<key>buildConfigurationList</key>
			<string>16FB8CE21613413800771767</string>
			<key>compatibilityVersion</key>
			<string>Xcode 3.2</string>
			<key>developmentRegion</key>
			<string>English</string>
			<key>hasScannedForEncodings</key>
			<string>0</string>
			<key>isa</key>
			<string>PBXProject</string>
			<key>knownRegions</key>
			<array>
				<string>en</string>
			</array>
			<key>mainGroup</key>
			<string>16FB8CDD1613413800771767</string>
			<key>productRefGroup</key>
			<string>16FB8CE91613413800771767</string>
			<key>projectDirPath</key>
			<string></string>
			<key>projectRoot</key>
			<string></string>
			<key>targets</key>
			<array>
				<string>16FB8CE71613413800771767</string>
				<string>16FB8D0D161342E000771767</string>
				<string>1643D3C3161441970005E719</string>
			</array>
		</dict>
		<key>16FB8CE21613413800771767</key>
		<dict>
			<key>buildConfigurations</key>
			<array>
				<string>16FB8CFE1613413900771767</string>
				<string>16FB8CFF1613413900771767</string>
			</array>
			<key>defaultConfigurationIsVisible</key>
			<string>0</string>
			<key>defaultConfigurationName</key>
			<string>Release</string>
			<key>isa</key>
			<string>XCConfigurationList</string>
		</dict>
		<key>16FB8CE41613413800771767</key>
		<dict>
			<key>buildActionMask</key>
			<string>2147483647</string>
			<key>files</key>
			<array>
				<string>16FB8CF91613413900771767</string>
				<string>16FB8CFD1613413900771767</string>
				<string>16DFDCA916134641003F3112</string>
				<string>16DFDCAB16134641003F3112</string>
				<string>16DFDCAD16134641003F3112</string>
				<string>1643D3BE1614410F0005E719</string>
			</array>
			<key>isa</key>
			<string>PBXSourcesBuildPhase</string>
			<key>runOnlyForDeploymentPostprocessing</key>
			<string>0</string>
		</dict>
		<key>16FB8CE51613413800771767</key>
		<dict>
			<key>buildActionMask</key>
			<string>2147483647</string>
			<key>files</key>
			<array>
				<string>16FB8CED1613413800771767</string>
				<string>16FB8CEF1613413800771767</string>
				<string>16FB8CF11613413800771767</string>
				<string>13BFD87A1F244F279832D73D</string>
			</array>
			<key>isa</key>
			<string>PBXFrameworksBuildPhase</string>
			<key>runOnlyForDeploymentPostprocessing</key>
			<string>0</string>
		</dict>
		<key>16FB8CE61613413800771767</key>
		<dict>
			<key>buildActionMask</key>
			<string>2147483647</string>
			<key>files</key>
			<array>
				<string>16FB8CF71613413900771767</string>
			</array>
			<key>isa</key>
			<string>PBXResourcesBuildPhase</string>
			<key>runOnlyForDeploymentPostprocessing</key>
			<string>0</string>
		</dict>
		<key>16FB8CE71613413800771767</key>
		<dict>
			<key>buildConfigurationList</key>
			<string>16FB8D001613413900771767</string>
			<key>buildPhases</key>
			<array>
				<string>16FB8CE41613413800771767</string>
				<string>16FB8CE51613413800771767</string>
				<string>16FB8CE61613413800771767</string>
				<string>62D6B59A17074BA2A4C77F9C</string>
			</array>
			<key>buildRules</key>
			<array/>
			<key>dependencies</key>
			<array/>
			<key>isa</key>
			<string>PBXNativeTarget</string>
			<key>name</key>
			<string>JoyplusGHTest</string>
			<key>productName</key>
			<string>JoyplusGHTest</string>
			<key>productReference</key>
			<string>16FB8CE81613413800771767</string>
			<key>productType</key>
			<string>com.apple.product-type.application</string>
		</dict>
		<key>16FB8CE81613413800771767</key>
		<dict>
			<key>explicitFileType</key>
			<string>wrapper.application</string>
			<key>includeInIndex</key>
			<string>0</string>
			<key>isa</key>
			<string>PBXFileReference</string>
			<key>name</key>
			<string>JoyplusGHTest.app</string>
			<key>path</key>
			<string>JoyplusGHTest.app</string>
			<key>sourceTree</key>
			<string>BUILT_PRODUCTS_DIR</string>
		</dict>
		<key>16FB8CE91613413800771767</key>
		<dict>
			<key>children</key>
			<array>
				<string>16FB8CE81613413800771767</string>
				<string>16FB8D0E161342E000771767</string>
				<string>1643D3C4161441970005E719</string>
			</array>
			<key>isa</key>
			<string>PBXGroup</string>
			<key>name</key>
			<string>Products</string>
			<key>sourceTree</key>
			<string>&lt;group&gt;</string>
		</dict>
		<key>16FB8CEB1613413800771767</key>
		<dict>
			<key>children</key>
			<array>
				<string>16FB8CEC1613413800771767</string>
				<string>16FB8CEE1613413800771767</string>
				<string>16FB8CF01613413800771767</string>
				<string>8E4B15FD8A314B83A02A0951</string>
				<string>968C3B358D1E40C08973B1F8</string>
				<string>1643D3C5161441970005E719</string>
				<string>78F4831828C24BE9AB98099C</string>
			</array>
			<key>isa</key>
			<string>PBXGroup</string>
			<key>name</key>
			<string>Frameworks</string>
			<key>sourceTree</key>
			<string>&lt;group&gt;</string>
		</dict>
		<key>16FB8CEC1613413800771767</key>
		<dict>
			<key>includeInIndex</key>
			<string>1</string>
			<key>isa</key>
			<string>PBXFileReference</string>
			<key>lastKnownFileType</key>
			<string>wrapper.framework</string>
			<key>name</key>
			<string>UIKit.framework</string>
			<key>path</key>
			<string>System/Library/Frameworks/UIKit.framework</string>
			<key>sourceTree</key>
			<string>SDKROOT</string>
		</dict>
		<key>16FB8CED1613413800771767</key>
		<dict>
			<key>fileRef</key>
			<string>16FB8CEC1613413800771767</string>
			<key>isa</key>
			<string>PBXBuildFile</string>
		</dict>
		<key>16FB8CEE1613413800771767</key>
		<dict>
			<key>includeInIndex</key>
			<string>1</string>
			<key>isa</key>
			<string>PBXFileReference</string>
			<key>lastKnownFileType</key>
			<string>wrapper.framework</string>
			<key>name</key>
			<string>Foundation.framework</string>
			<key>path</key>
			<string>System/Library/Frameworks/Foundation.framework</string>
			<key>sourceTree</key>
			<string>SDKROOT</string>
		</dict>
		<key>16FB8CEF1613413800771767</key>
		<dict>
			<key>fileRef</key>
			<string>16FB8CEE1613413800771767</string>
			<key>isa</key>
			<string>PBXBuildFile</string>
		</dict>
		<key>16FB8CF01613413800771767</key>
		<dict>
			<key>includeInIndex</key>
			<string>1</string>
			<key>isa</key>
			<string>PBXFileReference</string>
			<key>lastKnownFileType</key>
			<string>wrapper.framework</string>
			<key>name</key>
			<string>CoreGraphics.framework</string>
			<key>path</key>
			<string>System/Library/Frameworks/CoreGraphics.framework</string>
			<key>sourceTree</key>
			<string>SDKROOT</string>
		</dict>
		<key>16FB8CF11613413800771767</key>
		<dict>
			<key>fileRef</key>
			<string>16FB8CF01613413800771767</string>
			<key>isa</key>
			<string>PBXBuildFile</string>
		</dict>
		<key>16FB8CF21613413800771767</key>
		<dict>
			<key>children</key>
			<array>
				<string>16DFDCA316134641003F3112</string>
				<string>16DFDCA416134641003F3112</string>
				<string>16DFDCA516134641003F3112</string>
				<string>16DFDCA616134641003F3112</string>
				<string>16DFDCA716134641003F3112</string>
				<string>16DFDCA816134641003F3112</string>
				<string>16FB8CFB1613413900771767</string>
				<string>16FB8CFC1613413900771767</string>
				<string>16FB8CF31613413900771767</string>
			</array>
			<key>isa</key>
			<string>PBXGroup</string>
			<key>path</key>
			<string>JoyplusGHTest</string>
			<key>sourceTree</key>
			<string>&lt;group&gt;</string>
		</dict>
		<key>16FB8CF31613413900771767</key>
		<dict>
			<key>children</key>
			<array>
				<string>16FB8CF41613413900771767</string>
				<string>16FB8CF51613413900771767</string>
				<string>16FB8CF81613413900771767</string>
				<string>16FB8CFA1613413900771767</string>
			</array>
			<key>isa</key>
			<string>PBXGroup</string>
			<key>name</key>
			<string>Supporting Files</string>
			<key>sourceTree</key>
			<string>&lt;group&gt;</string>
		</dict>
		<key>16FB8CF41613413900771767</key>
		<dict>
			<key>isa</key>
			<string>PBXFileReference</string>
			<key>lastKnownFileType</key>
			<string>text.plist.xml</string>
			<key>path</key>
			<string>JoyplusGHTest-Info.plist</string>
			<key>sourceTree</key>
			<string>&lt;group&gt;</string>
		</dict>
		<key>16FB8CF51613413900771767</key>
		<dict>
			<key>children</key>
			<array>
				<string>16FB8CF61613413900771767</string>
			</array>
			<key>isa</key>
			<string>PBXVariantGroup</string>
			<key>name</key>
			<string>InfoPlist.strings</string>
			<key>sourceTree</key>
			<string>&lt;group&gt;</string>
		</dict>
		<key>16FB8CF61613413900771767</key>
		<dict>
			<key>isa</key>
			<string>PBXFileReference</string>
			<key>lastKnownFileType</key>
			<string>text.plist.strings</string>
			<key>name</key>
			<string>en</string>
			<key>path</key>
			<string>en.lproj/InfoPlist.strings</string>
			<key>sourceTree</key>
			<string>&lt;group&gt;</string>
		</dict>
		<key>16FB8CF71613413900771767</key>
		<dict>
			<key>fileRef</key>
			<string>16FB8CF51613413900771767</string>
			<key>isa</key>
			<string>PBXBuildFile</string>
		</dict>
		<key>16FB8CF81613413900771767</key>
		<dict>
			<key>isa</key>
			<string>PBXFileReference</string>
			<key>lastKnownFileType</key>
			<string>sourcecode.c.objc</string>
			<key>path</key>
			<string>main.m</string>
			<key>sourceTree</key>
			<string>&lt;group&gt;</string>
		</dict>
		<key>16FB8CF91613413900771767</key>
		<dict>
			<key>fileRef</key>
			<string>16FB8CF81613413900771767</string>
			<key>isa</key>
			<string>PBXBuildFile</string>
		</dict>
		<key>16FB8CFA1613413900771767</key>
		<dict>
			<key>isa</key>
			<string>PBXFileReference</string>
			<key>lastKnownFileType</key>
			<string>sourcecode.c.h</string>
			<key>path</key>
			<string>JoyplusGHTest-Prefix.pch</string>
			<key>sourceTree</key>
			<string>&lt;group&gt;</string>
		</dict>
		<key>16FB8CFB1613413900771767</key>
		<dict>
			<key>isa</key>
			<string>PBXFileReference</string>
			<key>lastKnownFileType</key>
			<string>sourcecode.c.h</string>
			<key>path</key>
			<string>AppDelegate.h</string>
			<key>sourceTree</key>
			<string>&lt;group&gt;</string>
		</dict>
		<key>16FB8CFC1613413900771767</key>
		<dict>
			<key>isa</key>
			<string>PBXFileReference</string>
			<key>lastKnownFileType</key>
			<string>sourcecode.c.objc</string>
			<key>path</key>
			<string>AppDelegate.m</string>
			<key>sourceTree</key>
			<string>&lt;group&gt;</string>
		</dict>
		<key>16FB8CFD1613413900771767</key>
		<dict>
			<key>fileRef</key>
			<string>16FB8CFC1613413900771767</string>
			<key>isa</key>
			<string>PBXBuildFile</string>
		</dict>
		<key>16FB8CFE1613413900771767</key>
		<dict>
			<key>buildSettings</key>
			<dict>
				<key>ALWAYS_SEARCH_USER_PATHS</key>
				<string>NO</string>
				<key>ARCHS</key>
				<string>$(ARCHS_STANDARD_32_BIT)</string>
				<key>CLANG_CXX_LANGUAGE_STANDARD</key>
				<string>gnu++0x</string>
				<key>CLANG_WARN__DUPLICATE_METHOD_MATCH</key>
				<string>YES</string>
				<key>CODE_SIGN_IDENTITY[sdk=iphoneos*]</key>
				<string>iPhone Developer</string>
				<key>COPY_PHASE_STRIP</key>
				<string>NO</string>
				<key>GCC_C_LANGUAGE_STANDARD</key>
				<string>gnu99</string>
				<key>GCC_DYNAMIC_NO_PIC</key>
				<string>NO</string>
				<key>GCC_OPTIMIZATION_LEVEL</key>
				<string>0</string>
				<key>GCC_PREPROCESSOR_DEFINITIONS</key>
				<array>
					<string>DEBUG=1</string>
					<string>$(inherited)</string>
				</array>
				<key>GCC_SYMBOLS_PRIVATE_EXTERN</key>
				<string>NO</string>
				<key>GCC_VERSION</key>
				<string>com.apple.compilers.llvm.clang.1_0</string>
				<key>GCC_WARN_ABOUT_RETURN_TYPE</key>
				<string>YES</string>
				<key>GCC_WARN_UNINITIALIZED_AUTOS</key>
				<string>YES</string>
				<key>GCC_WARN_UNUSED_VARIABLE</key>
				<string>YES</string>
				<key>IPHONEOS_DEPLOYMENT_TARGET</key>
				<string>5.1</string>
				<key>SDKROOT</key>
				<string>iphoneos</string>
				<key>TARGETED_DEVICE_FAMILY</key>
				<string>1,2</string>
			</dict>
			<key>isa</key>
			<string>XCBuildConfiguration</string>
			<key>name</key>
			<string>Debug</string>
		</dict>
		<key>16FB8CFF1613413900771767</key>
		<dict>
			<key>buildSettings</key>
			<dict>
				<key>ALWAYS_SEARCH_USER_PATHS</key>
				<string>NO</string>
				<key>ARCHS</key>
				<string>$(ARCHS_STANDARD_32_BIT)</string>
				<key>CLANG_CXX_LANGUAGE_STANDARD</key>
				<string>gnu++0x</string>
				<key>CLANG_WARN__DUPLICATE_METHOD_MATCH</key>
				<string>YES</string>
				<key>CODE_SIGN_IDENTITY[sdk=iphoneos*]</key>
				<string>iPhone Developer</string>
				<key>COPY_PHASE_STRIP</key>
				<string>YES</string>
				<key>GCC_C_LANGUAGE_STANDARD</key>
				<string>gnu99</string>
				<key>GCC_VERSION</key>
				<string>com.apple.compilers.llvm.clang.1_0</string>
				<key>GCC_WARN_ABOUT_RETURN_TYPE</key>
				<string>YES</string>
				<key>GCC_WARN_UNINITIALIZED_AUTOS</key>
				<string>YES</string>
				<key>GCC_WARN_UNUSED_VARIABLE</key>
				<string>YES</string>
				<key>IPHONEOS_DEPLOYMENT_TARGET</key>
				<string>5.1</string>
				<key>OTHER_CFLAGS</key>
				<string>-DNS_BLOCK_ASSERTIONS=1</string>
				<key>SDKROOT</key>
				<string>iphoneos</string>
				<key>TARGETED_DEVICE_FAMILY</key>
				<string>1,2</string>
				<key>VALIDATE_PRODUCT</key>
				<string>YES</string>
			</dict>
			<key>isa</key>
			<string>XCBuildConfiguration</string>
			<key>name</key>
			<string>Release</string>
		</dict>
		<key>16FB8D001613413900771767</key>
		<dict>
			<key>buildConfigurations</key>
			<array>
				<string>16FB8D011613413900771767</string>
				<string>16FB8D021613413900771767</string>
			</array>
			<key>defaultConfigurationIsVisible</key>
			<string>0</string>
			<key>defaultConfigurationName</key>
			<string>Release</string>
			<key>isa</key>
			<string>XCConfigurationList</string>
		</dict>
		<key>16FB8D011613413900771767</key>
		<dict>
			<key>baseConfigurationReference</key>
			<string>796F59D1525048C687E84C68</string>
			<key>buildSettings</key>
			<dict>
				<key>GCC_PRECOMPILE_PREFIX_HEADER</key>
				<string>YES</string>
				<key>GCC_PREFIX_HEADER</key>
				<string>JoyplusGHTest/JoyplusGHTest-Prefix.pch</string>
				<key>INFOPLIST_FILE</key>
				<string>JoyplusGHTest/JoyplusGHTest-Info.plist</string>
				<key>PRODUCT_NAME</key>
				<string>$(TARGET_NAME)</string>
				<key>WRAPPER_EXTENSION</key>
				<string>app</string>
			</dict>
			<key>isa</key>
			<string>XCBuildConfiguration</string>
			<key>name</key>
			<string>Debug</string>
		</dict>
		<key>16FB8D021613413900771767</key>
		<dict>
			<key>baseConfigurationReference</key>
			<string>796F59D1525048C687E84C68</string>
			<key>buildSettings</key>
			<dict>
				<key>GCC_PRECOMPILE_PREFIX_HEADER</key>
				<string>YES</string>
				<key>GCC_PREFIX_HEADER</key>
				<string>JoyplusGHTest/JoyplusGHTest-Prefix.pch</string>
				<key>INFOPLIST_FILE</key>
				<string>JoyplusGHTest/JoyplusGHTest-Info.plist</string>
				<key>PRODUCT_NAME</key>
				<string>$(TARGET_NAME)</string>
				<key>WRAPPER_EXTENSION</key>
				<string>app</string>
			</dict>
			<key>isa</key>
			<string>XCBuildConfiguration</string>
			<key>name</key>
			<string>Release</string>
		</dict>
		<key>16FB8D0A161342E000771767</key>
		<dict>
			<key>buildActionMask</key>
			<string>2147483647</string>
			<key>files</key>
			<array>
				<string>16FB8D1A161342E000771767</string>
				<string>16FB8D33161344BD00771767</string>
				<string>16DFDCAA16134641003F3112</string>
				<string>16DFDCAC16134641003F3112</string>
				<string>16DFDCAE16134641003F3112</string>
				<string>16DFDCB916142585003F3112</string>
			</array>
			<key>isa</key>
			<string>PBXSourcesBuildPhase</string>
			<key>runOnlyForDeploymentPostprocessing</key>
			<string>0</string>
		</dict>
		<key>16FB8D0B161342E000771767</key>
		<dict>
			<key>buildActionMask</key>
			<string>2147483647</string>
			<key>files</key>
			<array>
				<string>16FB8D10161342E000771767</string>
				<string>16FB8D11161342E000771767</string>
				<string>16FB8D12161342E000771767</string>
				<string>9969551F0F4F43FD9EA63127</string>
			</array>
			<key>isa</key>
			<string>PBXFrameworksBuildPhase</string>
			<key>runOnlyForDeploymentPostprocessing</key>
			<string>0</string>
		</dict>
		<key>16FB8D0C161342E000771767</key>
		<dict>
			<key>buildActionMask</key>
			<string>2147483647</string>
			<key>files</key>
			<array>
				<string>16FB8D18161342E000771767</string>
			</array>
			<key>isa</key>
			<string>PBXResourcesBuildPhase</string>
			<key>runOnlyForDeploymentPostprocessing</key>
			<string>0</string>
		</dict>
		<key>16FB8D0D161342E000771767</key>
		<dict>
			<key>buildConfigurationList</key>
			<string>16FB8D21161342E000771767</string>
			<key>buildPhases</key>
			<array>
				<string>16FB8D0A161342E000771767</string>
				<string>16FB8D0B161342E000771767</string>
				<string>16FB8D0C161342E000771767</string>
				<string>4085222C7D6448148C06418E</string>
			</array>
			<key>buildRules</key>
			<array/>
			<key>dependencies</key>
			<array/>
			<key>isa</key>
			<string>PBXNativeTarget</string>
			<key>name</key>
			<string>tests</string>
			<key>productName</key>
			<string>tests</string>
			<key>productReference</key>
			<string>16FB8D0E161342E000771767</string>
			<key>productType</key>
			<string>com.apple.product-type.application</string>
		</dict>
		<key>16FB8D0E161342E000771767</key>
		<dict>
			<key>explicitFileType</key>
			<string>wrapper.application</string>
			<key>includeInIndex</key>
			<string>0</string>
			<key>isa</key>
			<string>PBXFileReference</string>
			<key>name</key>
			<string>tests.app</string>
			<key>path</key>
			<string>tests.app</string>
			<key>sourceTree</key>
			<string>BUILT_PRODUCTS_DIR</string>
		</dict>
		<key>16FB8D10161342E000771767</key>
		<dict>
			<key>fileRef</key>
			<string>16FB8CEC1613413800771767</string>
			<key>isa</key>
			<string>PBXBuildFile</string>
		</dict>
		<key>16FB8D11161342E000771767</key>
		<dict>
			<key>fileRef</key>
			<string>16FB8CEE1613413800771767</string>
			<key>isa</key>
			<string>PBXBuildFile</string>
		</dict>
		<key>16FB8D12161342E000771767</key>
		<dict>
			<key>fileRef</key>
			<string>16FB8CF01613413800771767</string>
			<key>isa</key>
			<string>PBXBuildFile</string>
		</dict>
		<key>16FB8D13161342E000771767</key>
		<dict>
			<key>children</key>
			<array>
				<string>16DFDCB816142585003F3112</string>
				<string>16FB8D14161342E000771767</string>
				<string>16FB8D32161344BD00771767</string>
				<string>1643D3BC1614410F0005E719</string>
				<string>1643D3BD1614410F0005E719</string>
			</array>
			<key>isa</key>
			<string>PBXGroup</string>
			<key>path</key>
			<string>tests</string>
			<key>sourceTree</key>
			<string>&lt;group&gt;</string>
		</dict>
		<key>16FB8D14161342E000771767</key>
		<dict>
			<key>children</key>
			<array>
				<string>16FB8D15161342E000771767</string>
				<string>16FB8D16161342E000771767</string>
				<string>16FB8D19161342E000771767</string>
				<string>16FB8D1B161342E000771767</string>
			</array>
			<key>isa</key>
			<string>PBXGroup</string>
			<key>name</key>
			<string>Supporting Files</string>
			<key>sourceTree</key>
			<string>&lt;group&gt;</string>
		</dict>
		<key>16FB8D15161342E000771767</key>
		<dict>
			<key>isa</key>
			<string>PBXFileReference</string>
			<key>lastKnownFileType</key>
			<string>text.plist.xml</string>
			<key>path</key>
			<string>tests-Info.plist</string>
			<key>sourceTree</key>
			<string>&lt;group&gt;</string>
		</dict>
		<key>16FB8D16161342E000771767</key>
		<dict>
			<key>children</key>
			<array>
				<string>16FB8D17161342E000771767</string>
			</array>
			<key>isa</key>
			<string>PBXVariantGroup</string>
			<key>name</key>
			<string>InfoPlist.strings</string>
			<key>sourceTree</key>
			<string>&lt;group&gt;</string>
		</dict>
		<key>16FB8D17161342E000771767</key>
		<dict>
			<key>isa</key>
			<string>PBXFileReference</string>
			<key>lastKnownFileType</key>
			<string>text.plist.strings</string>
			<key>name</key>
			<string>en</string>
			<key>path</key>
			<string>en.lproj/InfoPlist.strings</string>
			<key>sourceTree</key>
			<string>&lt;group&gt;</string>
		</dict>
		<key>16FB8D18161342E000771767</key>
		<dict>
			<key>fileRef</key>
			<string>16FB8D16161342E000771767</string>
			<key>isa</key>
			<string>PBXBuildFile</string>
		</dict>
		<key>16FB8D19161342E000771767</key>
		<dict>
			<key>isa</key>
			<string>PBXFileReference</string>
			<key>lastKnownFileType</key>
			<string>sourcecode.c.objc</string>
			<key>path</key>
			<string>main.m</string>
			<key>sourceTree</key>
			<string>&lt;group&gt;</string>
		</dict>
		<key>16FB8D1A161342E000771767</key>
		<dict>
			<key>fileRef</key>
			<string>16FB8D19161342E000771767</string>
			<key>isa</key>
			<string>PBXBuildFile</string>
		</dict>
		<key>16FB8D1B161342E000771767</key>
		<dict>
			<key>isa</key>
			<string>PBXFileReference</string>
			<key>lastKnownFileType</key>
			<string>sourcecode.c.h</string>
			<key>path</key>
			<string>tests-Prefix.pch</string>
			<key>sourceTree</key>
			<string>&lt;group&gt;</string>
		</dict>
		<key>16FB8D1F161342E000771767</key>
		<dict>
			<key>baseConfigurationReference</key>
			<string>809B36EE80DE40578971F013</string>
			<key>buildSettings</key>
			<dict>
				<key>CODE_SIGN_IDENTITY[sdk=iphoneos*]</key>
				<string>iPhone Developer</string>
				<key>GCC_PRECOMPILE_PREFIX_HEADER</key>
				<string>YES</string>
				<key>GCC_PREFIX_HEADER</key>
				<string>tests/tests-Prefix.pch</string>
				<key>INFOPLIST_FILE</key>
				<string>tests/tests-Info.plist</string>
				<key>OTHER_LDFLAGS</key>
				<array>
					<string>-ObjC</string>
					<string>-framework</string>
					<string>CoreLocation</string>
					<string>-framework</string>
					<string>SystemConfiguration</string>
					<string>-all_load</string>
				</array>
				<key>PRODUCT_NAME</key>
				<string>$(TARGET_NAME)</string>
				<key>WRAPPER_EXTENSION</key>
				<string>app</string>
			</dict>
			<key>isa</key>
			<string>XCBuildConfiguration</string>
			<key>name</key>
			<string>Debug</string>
		</dict>
		<key>16FB8D20161342E000771767</key>
		<dict>
			<key>baseConfigurationReference</key>
			<string>809B36EE80DE40578971F013</string>
			<key>buildSettings</key>
			<dict>
				<key>CODE_SIGN_IDENTITY[sdk=iphoneos*]</key>
				<string>iPhone Developer</string>
				<key>GCC_PRECOMPILE_PREFIX_HEADER</key>
				<string>YES</string>
				<key>GCC_PREFIX_HEADER</key>
				<string>tests/tests-Prefix.pch</string>
				<key>INFOPLIST_FILE</key>
				<string>tests/tests-Info.plist</string>
				<key>OTHER_LDFLAGS</key>
				<array>
					<string>-ObjC</string>
					<string>-framework</string>
					<string>CoreLocation</string>
					<string>-framework</string>
					<string>SystemConfiguration</string>
					<string>-all_load</string>
				</array>
				<key>PRODUCT_NAME</key>
				<string>$(TARGET_NAME)</string>
				<key>WRAPPER_EXTENSION</key>
				<string>app</string>
			</dict>
			<key>isa</key>
			<string>XCBuildConfiguration</string>
			<key>name</key>
			<string>Release</string>
		</dict>
		<key>16FB8D21161342E000771767</key>
		<dict>
			<key>buildConfigurations</key>
			<array>
				<string>16FB8D1F161342E000771767</string>
				<string>16FB8D20161342E000771767</string>
			</array>
			<key>defaultConfigurationIsVisible</key>
			<string>0</string>
			<key>defaultConfigurationName</key>
			<string>Release</string>
			<key>isa</key>
			<string>XCConfigurationList</string>
		</dict>
		<key>16FB8D32161344BD00771767</key>
		<dict>
			<key>fileEncoding</key>
			<string>4</string>
			<key>isa</key>
			<string>PBXFileReference</string>
			<key>lastKnownFileType</key>
			<string>sourcecode.c.objc</string>
			<key>path</key>
			<string>AccountTestCase.m</string>
			<key>sourceTree</key>
			<string>&lt;group&gt;</string>
		</dict>
		<key>16FB8D33161344BD00771767</key>
		<dict>
			<key>fileRef</key>
			<string>16FB8D32161344BD00771767</string>
			<key>isa</key>
			<string>PBXBuildFile</string>
		</dict>
		<key>4085222C7D6448148C06418E</key>
		<dict>
			<key>buildActionMask</key>
			<string>2147483647</string>
			<key>files</key>
			<array/>
			<key>inputPaths</key>
			<array/>
			<key>isa</key>
			<string>PBXShellScriptBuildPhase</string>
			<key>name</key>
			<string>Copy Pods Resources</string>
			<key>outputPaths</key>
			<array/>
			<key>runOnlyForDeploymentPostprocessing</key>
			<string>0</string>
			<key>shellPath</key>
			<string>/bin/sh</string>
			<key>shellScript</key>
			<string>"${SRCROOT}/Pods/Pods-tests-resources.sh"
</string>
		</dict>
		<key>62D6B59A17074BA2A4C77F9C</key>
		<dict>
			<key>buildActionMask</key>
			<string>2147483647</string>
			<key>files</key>
			<array/>
			<key>inputPaths</key>
			<array/>
			<key>isa</key>
			<string>PBXShellScriptBuildPhase</string>
			<key>name</key>
			<string>Copy Pods Resources</string>
			<key>outputPaths</key>
			<array/>
			<key>runOnlyForDeploymentPostprocessing</key>
			<string>0</string>
			<key>shellPath</key>
			<string>/bin/sh</string>
			<key>shellScript</key>
			<string>"${SRCROOT}/Pods/Pods-resources.sh"
</string>
		</dict>
		<key>78F4831828C24BE9AB98099C</key>
		<dict>
			<key>explicitFileType</key>
			<string>archive.ar</string>
			<key>includeInIndex</key>
			<string>0</string>
			<key>isa</key>
			<string>PBXFileReference</string>
			<key>name</key>
			<string>libPods-OCTests.a</string>
			<key>path</key>
			<string>libPods-OCTests.a</string>
			<key>sourceTree</key>
			<string>BUILT_PRODUCTS_DIR</string>
		</dict>
		<key>796F59D1525048C687E84C68</key>
		<dict>
			<key>includeInIndex</key>
			<string>1</string>
			<key>isa</key>
			<string>PBXFileReference</string>
			<key>lastKnownFileType</key>
			<string>text.xcconfig</string>
			<key>name</key>
			<string>Pods.xcconfig</string>
			<key>path</key>
			<string>Pods/Pods.xcconfig</string>
			<key>sourceTree</key>
			<string>SOURCE_ROOT</string>
		</dict>
		<key>809B36EE80DE40578971F013</key>
		<dict>
			<key>includeInIndex</key>
			<string>1</string>
			<key>isa</key>
			<string>PBXFileReference</string>
			<key>lastKnownFileType</key>
			<string>text.xcconfig</string>
			<key>name</key>
			<string>Pods-tests.xcconfig</string>
			<key>path</key>
			<string>Pods/Pods-tests.xcconfig</string>
			<key>sourceTree</key>
			<string>SOURCE_ROOT</string>
		</dict>
		<key>8E4B15FD8A314B83A02A0951</key>
		<dict>
			<key>explicitFileType</key>
			<string>archive.ar</string>
			<key>includeInIndex</key>
			<string>0</string>
			<key>isa</key>
			<string>PBXFileReference</string>
			<key>path</key>
			<string>libPods.a</string>
			<key>sourceTree</key>
			<string>BUILT_PRODUCTS_DIR</string>
		</dict>
		<key>91574D55D0824AACADB30B26</key>
		<dict>
			<key>includeInIndex</key>
			<string>1</string>
			<key>isa</key>
			<string>PBXFileReference</string>
			<key>lastKnownFileType</key>
			<string>text.xcconfig</string>
			<key>name</key>
			<string>Pods-OCTests.xcconfig</string>
			<key>path</key>
			<string>Pods/Pods-OCTests.xcconfig</string>
			<key>sourceTree</key>
			<string>SOURCE_ROOT</string>
		</dict>
		<key>968C3B358D1E40C08973B1F8</key>
		<dict>
			<key>explicitFileType</key>
			<string>archive.ar</string>
			<key>includeInIndex</key>
			<string>0</string>
			<key>isa</key>
			<string>PBXFileReference</string>
			<key>path</key>
			<string>libPods-tests.a</string>
			<key>sourceTree</key>
			<string>BUILT_PRODUCTS_DIR</string>
		</dict>
		<key>9969551F0F4F43FD9EA63127</key>
		<dict>
			<key>fileRef</key>
			<string>968C3B358D1E40C08973B1F8</string>
			<key>isa</key>
			<string>PBXBuildFile</string>
		</dict>
		<key>F135EB5E9747492C9C8EE3C9</key>
		<dict>
			<key>buildActionMask</key>
			<string>2147483647</string>
			<key>files</key>
			<array/>
			<key>inputPaths</key>
			<array/>
			<key>isa</key>
			<string>PBXShellScriptBuildPhase</string>
			<key>name</key>
			<string>Copy Pods Resources</string>
			<key>outputPaths</key>
			<array/>
			<key>runOnlyForDeploymentPostprocessing</key>
			<string>0</string>
			<key>shellPath</key>
			<string>/bin/sh</string>
			<key>shellScript</key>
			<string>"${SRCROOT}/Pods/Pods-OCTests-resources.sh"
</string>
		</dict>
		<key>FC23EE2A8F834BD781ACFDBC</key>
		<dict>
			<key>fileRef</key>
			<string>78F4831828C24BE9AB98099C</string>
			<key>isa</key>
			<string>PBXBuildFile</string>
		</dict>
	</dict>
	<key>rootObject</key>
	<string>16FB8CDF1613413800771767</string>
</dict>
</plist>
