// !$*UTF8*$!
{
	archiveVersion = 1;
	classes = {
	};
	objectVersion = 46;
	objects = {

/* Begin PBXBuildFile section */
		1643D3F6161443F20005E719 /* UIKit.framework in Frameworks */ = {isa = PBXBuildFile; fileRef = 1643D3F5161443F20005E719 /* UIKit.framework */; };
		1643D3F8161443F20005E719 /* Foundation.framework in Frameworks */ = {isa = PBXBuildFile; fileRef = 1643D3F7161443F20005E719 /* Foundation.framework */; };
		1643D3FA161443F20005E719 /* CoreGraphics.framework in Frameworks */ = {isa = PBXBuildFile; fileRef = 1643D3F9161443F20005E719 /* CoreGraphics.framework */; };
		1643D400161443F20005E719 /* InfoPlist.strings in Resources */ = {isa = PBXBuildFile; fileRef = 1643D3FE161443F20005E719 /* InfoPlist.strings */; };
		1643D402161443F20005E719 /* main.m in Sources */ = {isa = PBXBuildFile; fileRef = 1643D401161443F20005E719 /* main.m */; };
		1643D406161443F20005E719 /* AppDelegate.m in Sources */ = {isa = PBXBuildFile; fileRef = 1643D405161443F20005E719 /* AppDelegate.m */; };
		1643D40E161443F30005E719 /* SenTestingKit.framework in Frameworks */ = {isa = PBXBuildFile; fileRef = 1643D40D161443F30005E719 /* SenTestingKit.framework */; };
		1643D40F161443F30005E719 /* UIKit.framework in Frameworks */ = {isa = PBXBuildFile; fileRef = 1643D3F5161443F20005E719 /* UIKit.framework */; };
		1643D410161443F30005E719 /* Foundation.framework in Frameworks */ = {isa = PBXBuildFile; fileRef = 1643D3F7161443F20005E719 /* Foundation.framework */; };
		1643D418161443F30005E719 /* InfoPlist.strings in Resources */ = {isa = PBXBuildFile; fileRef = 1643D416161443F30005E719 /* InfoPlist.strings */; };
		1643D439161444A70005E719 /* ServiceConstants.m in Sources */ = {isa = PBXBuildFile; fileRef = 1643D434161444A70005E719 /* ServiceConstants.m */; };
		1643D43A161444A70005E719 /* AFHTTPRequestOperationLogger.m in Sources */ = {isa = PBXBuildFile; fileRef = 1643D436161444A70005E719 /* AFHTTPRequestOperationLogger.m */; settings = {COMPILER_FLAGS = "-fno-objc-arc"; }; };
		1643D43B161444A70005E719 /* AFServiceAPIClient.m in Sources */ = {isa = PBXBuildFile; fileRef = 1643D438161444A70005E719 /* AFServiceAPIClient.m */; };
		1643D447161446900005E719 /* AccountTestCase.m in Sources */ = {isa = PBXBuildFile; fileRef = 1643D446161446900005E719 /* AccountTestCase.m */; };
		1643D451161459FB0005E719 /* UserTestCase.m in Sources */ = {isa = PBXBuildFile; fileRef = 1643D450161459FB0005E719 /* UserTestCase.m */; };
		2DDBAB7ACB28477D8AAC2F4F /* libPods-joyplusTestTests.a in Frameworks */ = {isa = PBXBuildFile; fileRef = BE1AD785C26A4C2B80FA5E20 /* libPods-joyplusTestTests.a */; };
		9F87FFA609BE4CDCBB051DBA /* libPods.a in Frameworks */ = {isa = PBXBuildFile; fileRef = 945634FAF4EA45B79E67F721 /* libPods.a */; };
/* End PBXBuildFile section */

/* Begin PBXContainerItemProxy section */
		1643D411161443F30005E719 /* PBXContainerItemProxy */ = {
			isa = PBXContainerItemProxy;
			containerPortal = 1643D3E8161443F20005E719 /* Project object */;
			proxyType = 1;
			remoteGlobalIDString = 1643D3F0161443F20005E719;
			remoteInfo = joyplusTest;
		};
/* End PBXContainerItemProxy section */

/* Begin PBXFileReference section */
		1531B86CDD554BBCA96E3CF4 /* Pods-joyplusTestTests.xcconfig */ = {isa = PBXFileReference; includeInIndex = 1; lastKnownFileType = text.xcconfig; name = "Pods-joyplusTestTests.xcconfig"; path = "Pods/Pods-joyplusTestTests.xcconfig"; sourceTree = SOURCE_ROOT; };
		1643D3F1161443F20005E719 /* joyplusTest.app */ = {isa = PBXFileReference; explicitFileType = wrapper.application; includeInIndex = 0; path = joyplusTest.app; sourceTree = BUILT_PRODUCTS_DIR; };
		1643D3F5161443F20005E719 /* UIKit.framework */ = {isa = PBXFileReference; includeInIndex = 1; lastKnownFileType = wrapper.framework; name = UIKit.framework; path = System/Library/Frameworks/UIKit.framework; sourceTree = SDKROOT; };
		1643D3F7161443F20005E719 /* Foundation.framework */ = {isa = PBXFileReference; includeInIndex = 1; lastKnownFileType = wrapper.framework; name = Foundation.framework; path = System/Library/Frameworks/Foundation.framework; sourceTree = SDKROOT; };
		1643D3F9161443F20005E719 /* CoreGraphics.framework */ = {isa = PBXFileReference; includeInIndex = 1; lastKnownFileType = wrapper.framework; name = CoreGraphics.framework; path = System/Library/Frameworks/CoreGraphics.framework; sourceTree = SDKROOT; };
		1643D3FD161443F20005E719 /* joyplusTest-Info.plist */ = {isa = PBXFileReference; lastKnownFileType = text.plist.xml; path = "joyplusTest-Info.plist"; sourceTree = "<group>"; };
		1643D3FF161443F20005E719 /* en */ = {isa = PBXFileReference; lastKnownFileType = text.plist.strings; name = en; path = en.lproj/InfoPlist.strings; sourceTree = "<group>"; };
		1643D401161443F20005E719 /* main.m */ = {isa = PBXFileReference; lastKnownFileType = sourcecode.c.objc; path = main.m; sourceTree = "<group>"; };
		1643D403161443F20005E719 /* joyplusTest-Prefix.pch */ = {isa = PBXFileReference; lastKnownFileType = sourcecode.c.h; path = "joyplusTest-Prefix.pch"; sourceTree = "<group>"; };
		1643D404161443F20005E719 /* AppDelegate.h */ = {isa = PBXFileReference; lastKnownFileType = sourcecode.c.h; path = AppDelegate.h; sourceTree = "<group>"; };
		1643D405161443F20005E719 /* AppDelegate.m */ = {isa = PBXFileReference; lastKnownFileType = sourcecode.c.objc; path = AppDelegate.m; sourceTree = "<group>"; };
		1643D40C161443F30005E719 /* joyplusTestTests.octest */ = {isa = PBXFileReference; explicitFileType = wrapper.cfbundle; includeInIndex = 0; path = joyplusTestTests.octest; sourceTree = BUILT_PRODUCTS_DIR; };
		1643D40D161443F30005E719 /* SenTestingKit.framework */ = {isa = PBXFileReference; includeInIndex = 1; lastKnownFileType = wrapper.framework; name = SenTestingKit.framework; path = Library/Frameworks/SenTestingKit.framework; sourceTree = DEVELOPER_DIR; };
		1643D415161443F30005E719 /* joyplusTestTests-Info.plist */ = {isa = PBXFileReference; lastKnownFileType = text.plist.xml; path = "joyplusTestTests-Info.plist"; sourceTree = "<group>"; };
		1643D417161443F30005E719 /* en */ = {isa = PBXFileReference; lastKnownFileType = text.plist.strings; name = en; path = en.lproj/InfoPlist.strings; sourceTree = "<group>"; };
		1643D433161444A70005E719 /* ServiceConstants.h */ = {isa = PBXFileReference; fileEncoding = 4; lastKnownFileType = sourcecode.c.h; path = ServiceConstants.h; sourceTree = "<group>"; };
		1643D434161444A70005E719 /* ServiceConstants.m */ = {isa = PBXFileReference; fileEncoding = 4; lastKnownFileType = sourcecode.c.objc; path = ServiceConstants.m; sourceTree = "<group>"; };
		1643D435161444A70005E719 /* AFHTTPRequestOperationLogger.h */ = {isa = PBXFileReference; fileEncoding = 4; lastKnownFileType = sourcecode.c.h; path = AFHTTPRequestOperationLogger.h; sourceTree = "<group>"; };
		1643D436161444A70005E719 /* AFHTTPRequestOperationLogger.m */ = {isa = PBXFileReference; fileEncoding = 4; lastKnownFileType = sourcecode.c.objc; path = AFHTTPRequestOperationLogger.m; sourceTree = "<group>"; };
		1643D437161444A70005E719 /* AFServiceAPIClient.h */ = {isa = PBXFileReference; fileEncoding = 4; lastKnownFileType = sourcecode.c.h; path = AFServiceAPIClient.h; sourceTree = "<group>"; };
		1643D438161444A70005E719 /* AFServiceAPIClient.m */ = {isa = PBXFileReference; fileEncoding = 4; lastKnownFileType = sourcecode.c.objc; path = AFServiceAPIClient.m; sourceTree = "<group>"; };
		1643D445161446900005E719 /* AccountTestCase.h */ = {isa = PBXFileReference; fileEncoding = 4; lastKnownFileType = sourcecode.c.h; path = AccountTestCase.h; sourceTree = "<group>"; };
		1643D446161446900005E719 /* AccountTestCase.m */ = {isa = PBXFileReference; fileEncoding = 4; lastKnownFileType = sourcecode.c.objc; path = AccountTestCase.m; sourceTree = "<group>"; };
		1643D44F161459FB0005E719 /* UserTestCase.h */ = {isa = PBXFileReference; fileEncoding = 4; lastKnownFileType = sourcecode.c.h; path = UserTestCase.h; sourceTree = "<group>"; };
		1643D450161459FB0005E719 /* UserTestCase.m */ = {isa = PBXFileReference; fileEncoding = 4; lastKnownFileType = sourcecode.c.objc; path = UserTestCase.m; sourceTree = "<group>"; };
		76C438D4514644A58626F172 /* Pods.xcconfig */ = {isa = PBXFileReference; includeInIndex = 1; lastKnownFileType = text.xcconfig; name = Pods.xcconfig; path = Pods/Pods.xcconfig; sourceTree = SOURCE_ROOT; };
		945634FAF4EA45B79E67F721 /* libPods.a */ = {isa = PBXFileReference; explicitFileType = archive.ar; includeInIndex = 0; path = libPods.a; sourceTree = BUILT_PRODUCTS_DIR; };
		BE1AD785C26A4C2B80FA5E20 /* libPods-joyplusTestTests.a */ = {isa = PBXFileReference; explicitFileType = archive.ar; includeInIndex = 0; path = "libPods-joyplusTestTests.a"; sourceTree = BUILT_PRODUCTS_DIR; };
/* End PBXFileReference section */

/* Begin PBXFrameworksBuildPhase section */
		1643D3EE161443F20005E719 /* Frameworks */ = {
			isa = PBXFrameworksBuildPhase;
			buildActionMask = 2147483647;
			files = (
				1643D3F6161443F20005E719 /* UIKit.framework in Frameworks */,
				1643D3F8161443F20005E719 /* Foundation.framework in Frameworks */,
				1643D3FA161443F20005E719 /* CoreGraphics.framework in Frameworks */,
				9F87FFA609BE4CDCBB051DBA /* libPods.a in Frameworks */,
			);
			runOnlyForDeploymentPostprocessing = 0;
		};
		1643D408161443F30005E719 /* Frameworks */ = {
			isa = PBXFrameworksBuildPhase;
			buildActionMask = 2147483647;
			files = (
				1643D40E161443F30005E719 /* SenTestingKit.framework in Frameworks */,
				1643D40F161443F30005E719 /* UIKit.framework in Frameworks */,
				1643D410161443F30005E719 /* Foundation.framework in Frameworks */,
				2DDBAB7ACB28477D8AAC2F4F /* libPods-joyplusTestTests.a in Frameworks */,
			);
			runOnlyForDeploymentPostprocessing = 0;
		};
/* End PBXFrameworksBuildPhase section */

/* Begin PBXGroup section */
		1643D3E6161443F20005E719 = {
			isa = PBXGroup;
			children = (
				1643D3FB161443F20005E719 /* joyplusTest */,
				1643D413161443F30005E719 /* joyplusTestTests */,
				1643D3F4161443F20005E719 /* Frameworks */,
				1643D3F2161443F20005E719 /* Products */,
				76C438D4514644A58626F172 /* Pods.xcconfig */,
				1531B86CDD554BBCA96E3CF4 /* Pods-joyplusTestTests.xcconfig */,
			);
			sourceTree = "<group>";
		};
		1643D3F2161443F20005E719 /* Products */ = {
			isa = PBXGroup;
			children = (
				1643D3F1161443F20005E719 /* joyplusTest.app */,
				1643D40C161443F30005E719 /* joyplusTestTests.octest */,
			);
			name = Products;
			sourceTree = "<group>";
		};
		1643D3F4161443F20005E719 /* Frameworks */ = {
			isa = PBXGroup;
			children = (
				1643D3F5161443F20005E719 /* UIKit.framework */,
				1643D3F7161443F20005E719 /* Foundation.framework */,
				1643D3F9161443F20005E719 /* CoreGraphics.framework */,
				1643D40D161443F30005E719 /* SenTestingKit.framework */,
				945634FAF4EA45B79E67F721 /* libPods.a */,
				BE1AD785C26A4C2B80FA5E20 /* libPods-joyplusTestTests.a */,
			);
			name = Frameworks;
			sourceTree = "<group>";
		};
		1643D3FB161443F20005E719 /* joyplusTest */ = {
			isa = PBXGroup;
			children = (
				1643D433161444A70005E719 /* ServiceConstants.h */,
				1643D434161444A70005E719 /* ServiceConstants.m */,
				1643D435161444A70005E719 /* AFHTTPRequestOperationLogger.h */,
				1643D436161444A70005E719 /* AFHTTPRequestOperationLogger.m */,
				1643D437161444A70005E719 /* AFServiceAPIClient.h */,
				1643D438161444A70005E719 /* AFServiceAPIClient.m */,
				1643D404161443F20005E719 /* AppDelegate.h */,
				1643D405161443F20005E719 /* AppDelegate.m */,
				1643D3FC161443F20005E719 /* Supporting Files */,
			);
			path = joyplusTest;
			sourceTree = "<group>";
		};
		1643D3FC161443F20005E719 /* Supporting Files */ = {
			isa = PBXGroup;
			children = (
				1643D3FD161443F20005E719 /* joyplusTest-Info.plist */,
				1643D3FE161443F20005E719 /* InfoPlist.strings */,
				1643D401161443F20005E719 /* main.m */,
				1643D403161443F20005E719 /* joyplusTest-Prefix.pch */,
			);
			name = "Supporting Files";
			sourceTree = "<group>";
		};
		1643D413161443F30005E719 /* joyplusTestTests */ = {
			isa = PBXGroup;
			children = (
				1643D44F161459FB0005E719 /* UserTestCase.h */,
				1643D450161459FB0005E719 /* UserTestCase.m */,
				1643D445161446900005E719 /* AccountTestCase.h */,
				1643D446161446900005E719 /* AccountTestCase.m */,
				1643D414161443F30005E719 /* Supporting Files */,
			);
			path = joyplusTestTests;
			sourceTree = "<group>";
		};
		1643D414161443F30005E719 /* Supporting Files */ = {
			isa = PBXGroup;
			children = (
				1643D415161443F30005E719 /* joyplusTestTests-Info.plist */,
				1643D416161443F30005E719 /* InfoPlist.strings */,
			);
			name = "Supporting Files";
			sourceTree = "<group>";
		};
/* End PBXGroup section */

/* Begin PBXNativeTarget section */
		1643D3F0161443F20005E719 /* joyplusTest */ = {
			isa = PBXNativeTarget;
			buildConfigurationList = 1643D41E161443F30005E719 /* Build configuration list for PBXNativeTarget "joyplusTest" */;
			buildPhases = (
				1643D3ED161443F20005E719 /* Sources */,
				1643D3EE161443F20005E719 /* Frameworks */,
				1643D3EF161443F20005E719 /* Resources */,
				019BC664F1194E41BE578B3E /* Copy Pods Resources */,
			);
			buildRules = (
			);
			dependencies = (
			);
			name = joyplusTest;
			productName = joyplusTest;
			productReference = 1643D3F1161443F20005E719 /* joyplusTest.app */;
			productType = "com.apple.product-type.application";
		};
		1643D40B161443F30005E719 /* joyplusTestTests */ = {
			isa = PBXNativeTarget;
			buildConfigurationList = 1643D421161443F30005E719 /* Build configuration list for PBXNativeTarget "joyplusTestTests" */;
			buildPhases = (
				1643D407161443F30005E719 /* Sources */,
				1643D408161443F30005E719 /* Frameworks */,
				1643D409161443F30005E719 /* Resources */,
				1643D40A161443F30005E719 /* ShellScript */,
				C8B1770340B5433687877BDC /* Copy Pods Resources */,
			);
			buildRules = (
			);
			dependencies = (
				1643D412161443F30005E719 /* PBXTargetDependency */,
			);
			name = joyplusTestTests;
			productName = joyplusTestTests;
			productReference = 1643D40C161443F30005E719 /* joyplusTestTests.octest */;
			productType = "com.apple.product-type.bundle";
		};
/* End PBXNativeTarget section */

/* Begin PBXProject section */
		1643D3E8161443F20005E719 /* Project object */ = {
			isa = PBXProject;
			attributes = {
				LastUpgradeCheck = 0440;
				ORGANIZATIONNAME = scottliyq;
			};
			buildConfigurationList = 1643D3EB161443F20005E719 /* Build configuration list for PBXProject "joyplusTest" */;
			compatibilityVersion = "Xcode 3.2";
			developmentRegion = English;
			hasScannedForEncodings = 0;
			knownRegions = (
				en,
			);
			mainGroup = 1643D3E6161443F20005E719;
			productRefGroup = 1643D3F2161443F20005E719 /* Products */;
			projectDirPath = "";
			projectRoot = "";
			targets = (
				1643D3F0161443F20005E719 /* joyplusTest */,
				1643D40B161443F30005E719 /* joyplusTestTests */,
			);
		};
/* End PBXProject section */

/* Begin PBXResourcesBuildPhase section */
		1643D3EF161443F20005E719 /* Resources */ = {
			isa = PBXResourcesBuildPhase;
			buildActionMask = 2147483647;
			files = (
				1643D400161443F20005E719 /* InfoPlist.strings in Resources */,
			);
			runOnlyForDeploymentPostprocessing = 0;
		};
		1643D409161443F30005E719 /* Resources */ = {
			isa = PBXResourcesBuildPhase;
			buildActionMask = 2147483647;
			files = (
				1643D418161443F30005E719 /* InfoPlist.strings in Resources */,
			);
			runOnlyForDeploymentPostprocessing = 0;
		};
/* End PBXResourcesBuildPhase section */

/* Begin PBXShellScriptBuildPhase section */
		019BC664F1194E41BE578B3E /* Copy Pods Resources */ = {
			isa = PBXShellScriptBuildPhase;
			buildActionMask = 2147483647;
			files = (
			);
			inputPaths = (
			);
			name = "Copy Pods Resources";
			outputPaths = (
			);
			runOnlyForDeploymentPostprocessing = 0;
			shellPath = /bin/sh;
			shellScript = "\"${SRCROOT}/Pods/Pods-resources.sh\"\n";
		};
		1643D40A161443F30005E719 /* ShellScript */ = {
			isa = PBXShellScriptBuildPhase;
			buildActionMask = 2147483647;
			files = (
			);
			inputPaths = (
			);
			outputPaths = (
			);
			runOnlyForDeploymentPostprocessing = 0;
			shellPath = /bin/sh;
			shellScript = "# Run the unit tests in this test bundle.\n\"${SYSTEM_DEVELOPER_DIR}/Tools/RunUnitTests\"\n";
		};
		C8B1770340B5433687877BDC /* Copy Pods Resources */ = {
			isa = PBXShellScriptBuildPhase;
			buildActionMask = 2147483647;
			files = (
			);
			inputPaths = (
			);
			name = "Copy Pods Resources";
			outputPaths = (
			);
			runOnlyForDeploymentPostprocessing = 0;
			shellPath = /bin/sh;
			shellScript = "\"${SRCROOT}/Pods/Pods-joyplusTestTests-resources.sh\"\n";
		};
/* End PBXShellScriptBuildPhase section */

/* Begin PBXSourcesBuildPhase section */
		1643D3ED161443F20005E719 /* Sources */ = {
			isa = PBXSourcesBuildPhase;
			buildActionMask = 2147483647;
			files = (
				1643D402161443F20005E719 /* main.m in Sources */,
				1643D406161443F20005E719 /* AppDelegate.m in Sources */,
				1643D439161444A70005E719 /* ServiceConstants.m in Sources */,
				1643D43A161444A70005E719 /* AFHTTPRequestOperationLogger.m in Sources */,
				1643D43B161444A70005E719 /* AFServiceAPIClient.m in Sources */,
			);
			runOnlyForDeploymentPostprocessing = 0;
		};
		1643D407161443F30005E719 /* Sources */ = {
			isa = PBXSourcesBuildPhase;
			buildActionMask = 2147483647;
			files = (
				1643D447161446900005E719 /* AccountTestCase.m in Sources */,
				1643D451161459FB0005E719 /* UserTestCase.m in Sources */,
			);
			runOnlyForDeploymentPostprocessing = 0;
		};
/* End PBXSourcesBuildPhase section */

/* Begin PBXTargetDependency section */
		1643D412161443F30005E719 /* PBXTargetDependency */ = {
			isa = PBXTargetDependency;
			target = 1643D3F0161443F20005E719 /* joyplusTest */;
			targetProxy = 1643D411161443F30005E719 /* PBXContainerItemProxy */;
		};
/* End PBXTargetDependency section */

/* Begin PBXVariantGroup section */
		1643D3FE161443F20005E719 /* InfoPlist.strings */ = {
			isa = PBXVariantGroup;
			children = (
				1643D3FF161443F20005E719 /* en */,
			);
			name = InfoPlist.strings;
			sourceTree = "<group>";
		};
		1643D416161443F30005E719 /* InfoPlist.strings */ = {
			isa = PBXVariantGroup;
			children = (
				1643D417161443F30005E719 /* en */,
			);
			name = InfoPlist.strings;
			sourceTree = "<group>";
		};
/* End PBXVariantGroup section */

/* Begin XCBuildConfiguration section */
		1643D41C161443F30005E719 /* Debug */ = {
			isa = XCBuildConfiguration;
			buildSettings = {
				ALWAYS_SEARCH_USER_PATHS = NO;
				ARCHS = "$(ARCHS_STANDARD_32_BIT)";
				CLANG_CXX_LANGUAGE_STANDARD = "gnu++0x";
				CLANG_ENABLE_OBJC_ARC = YES;
				CLANG_WARN__DUPLICATE_METHOD_MATCH = YES;
				"CODE_SIGN_IDENTITY[sdk=iphoneos*]" = "iPhone Developer";
				COPY_PHASE_STRIP = NO;
				GCC_C_LANGUAGE_STANDARD = gnu99;
				GCC_DYNAMIC_NO_PIC = NO;
				GCC_OPTIMIZATION_LEVEL = 0;
				GCC_PREPROCESSOR_DEFINITIONS = (
					"DEBUG=1",
					"$(inherited)",
				);
				GCC_SYMBOLS_PRIVATE_EXTERN = NO;
				GCC_VERSION = com.apple.compilers.llvm.clang.1_0;
				GCC_WARN_ABOUT_RETURN_TYPE = YES;
				GCC_WARN_UNINITIALIZED_AUTOS = YES;
				GCC_WARN_UNUSED_VARIABLE = YES;
				IPHONEOS_DEPLOYMENT_TARGET = 5.1;
				SDKROOT = iphoneos;
				TARGETED_DEVICE_FAMILY = "1,2";
			};
			name = Debug;
		};
		1643D41D161443F30005E719 /* Release */ = {
			isa = XCBuildConfiguration;
			buildSettings = {
				ALWAYS_SEARCH_USER_PATHS = NO;
				ARCHS = "$(ARCHS_STANDARD_32_BIT)";
				CLANG_CXX_LANGUAGE_STANDARD = "gnu++0x";
				CLANG_ENABLE_OBJC_ARC = YES;
				CLANG_WARN__DUPLICATE_METHOD_MATCH = YES;
				"CODE_SIGN_IDENTITY[sdk=iphoneos*]" = "iPhone Developer";
				COPY_PHASE_STRIP = YES;
				GCC_C_LANGUAGE_STANDARD = gnu99;
				GCC_VERSION = com.apple.compilers.llvm.clang.1_0;
				GCC_WARN_ABOUT_RETURN_TYPE = YES;
				GCC_WARN_UNINITIALIZED_AUTOS = YES;
				GCC_WARN_UNUSED_VARIABLE = YES;
				IPHONEOS_DEPLOYMENT_TARGET = 5.1;
				OTHER_CFLAGS = "-DNS_BLOCK_ASSERTIONS=1";
				SDKROOT = iphoneos;
				TARGETED_DEVICE_FAMILY = "1,2";
				VALIDATE_PRODUCT = YES;
			};
			name = Release;
		};
		1643D41F161443F30005E719 /* Debug */ = {
			isa = XCBuildConfiguration;
			baseConfigurationReference = 76C438D4514644A58626F172 /* Pods.xcconfig */;
			buildSettings = {
				GCC_PRECOMPILE_PREFIX_HEADER = YES;
				GCC_PREFIX_HEADER = "joyplusTest/joyplusTest-Prefix.pch";
				INFOPLIST_FILE = "joyplusTest/joyplusTest-Info.plist";
				PRODUCT_NAME = "$(TARGET_NAME)";
				WRAPPER_EXTENSION = app;
			};
			name = Debug;
		};
		1643D420161443F30005E719 /* Release */ = {
			isa = XCBuildConfiguration;
			baseConfigurationReference = 76C438D4514644A58626F172 /* Pods.xcconfig */;
			buildSettings = {
				GCC_PRECOMPILE_PREFIX_HEADER = YES;
				GCC_PREFIX_HEADER = "joyplusTest/joyplusTest-Prefix.pch";
				INFOPLIST_FILE = "joyplusTest/joyplusTest-Info.plist";
				PRODUCT_NAME = "$(TARGET_NAME)";
				WRAPPER_EXTENSION = app;
			};
			name = Release;
		};
		1643D422161443F30005E719 /* Debug */ = {
			isa = XCBuildConfiguration;
			baseConfigurationReference = 1531B86CDD554BBCA96E3CF4 /* Pods-joyplusTestTests.xcconfig */;
			buildSettings = {
				BUNDLE_LOADER = "$(BUILT_PRODUCTS_DIR)/joyplusTest.app/joyplusTest";
				FRAMEWORK_SEARCH_PATHS = (
					"\"$(SDKROOT)/Developer/Library/Frameworks\"",
					"\"$(DEVELOPER_LIBRARY_DIR)/Frameworks\"",
				);
				GCC_PRECOMPILE_PREFIX_HEADER = YES;
				GCC_PREFIX_HEADER = "joyplusTest/joyplusTest-Prefix.pch";
				INFOPLIST_FILE = "joyplusTestTests/joyplusTestTests-Info.plist";
				PRODUCT_NAME = "$(TARGET_NAME)";
				TEST_HOST = "$(BUNDLE_LOADER)";
				WRAPPER_EXTENSION = octest;
			};
			name = Debug;
		};
		1643D423161443F30005E719 /* Release */ = {
			isa = XCBuildConfiguration;
			baseConfigurationReference = 1531B86CDD554BBCA96E3CF4 /* Pods-joyplusTestTests.xcconfig */;
			buildSettings = {
				BUNDLE_LOADER = "$(BUILT_PRODUCTS_DIR)/joyplusTest.app/joyplusTest";
				FRAMEWORK_SEARCH_PATHS = (
					"\"$(SDKROOT)/Developer/Library/Frameworks\"",
					"\"$(DEVELOPER_LIBRARY_DIR)/Frameworks\"",
				);
				GCC_PRECOMPILE_PREFIX_HEADER = YES;
				GCC_PREFIX_HEADER = "joyplusTest/joyplusTest-Prefix.pch";
				INFOPLIST_FILE = "joyplusTestTests/joyplusTestTests-Info.plist";
				PRODUCT_NAME = "$(TARGET_NAME)";
				TEST_HOST = "$(BUNDLE_LOADER)";
				WRAPPER_EXTENSION = octest;
			};
			name = Release;
		};
/* End XCBuildConfiguration section */

/* Begin XCConfigurationList section */
		1643D3EB161443F20005E719 /* Build configuration list for PBXProject "joyplusTest" */ = {
			isa = XCConfigurationList;
			buildConfigurations = (
				1643D41C161443F30005E719 /* Debug */,
				1643D41D161443F30005E719 /* Release */,
			);
			defaultConfigurationIsVisible = 0;
			defaultConfigurationName = Release;
		};
		1643D41E161443F30005E719 /* Build configuration list for PBXNativeTarget "joyplusTest" */ = {
			isa = XCConfigurationList;
			buildConfigurations = (
				1643D41F161443F30005E719 /* Debug */,
				1643D420161443F30005E719 /* Release */,
			);
			defaultConfigurationIsVisible = 0;
			defaultConfigurationName = Release;
		};
		1643D421161443F30005E719 /* Build configuration list for PBXNativeTarget "joyplusTestTests" */ = {
			isa = XCConfigurationList;
			buildConfigurations = (
				1643D422161443F30005E719 /* Debug */,
				1643D423161443F30005E719 /* Release */,
			);
			defaultConfigurationIsVisible = 0;
			defaultConfigurationName = Release;
		};
/* End XCConfigurationList section */
	};
	rootObject = 1643D3E8161443F20005E719 /* Project object */;
}
